
Microsoft Visual Studio Solution File, Format Version 12.00
# Visual Studio 2013
VisualStudioVersion = 12.0.31101.0
MinimumVisualStudioVersion = 10.0.40219.1
Project("{8BC9CEB8-8B4A-11D0-8D11-00A0C91BC942}") = "cpp_benchmarks", "cpp_benchmarks\cpp_benchmarks.vcxproj", "{F7D60680-D9DC-40C3-8198-D192AC868C94}"
EndProject
Project("{FAE04EC0-301F-11D3-BF4B-00C04F79EFBC}") = "csharp_benchmarks", "csharp_benchmarks\csharp_benchmarks.csproj", "{97500E0B-6CE9-47FA-BC2A-F311A920BC4E}"
EndProject
Project("{9092AA53-FB77-4645-B42D-1CCCA6BD08BD}") = "js_benchmarks", "js_benchmarks\js_benchmarks.njsproj", "{933F9CF3-D665-465C-B055-0D288BC08E9B}"
EndProject
Global
	GlobalSection(SolutionConfigurationPlatforms) = preSolution
		Debug|Any CPU = Debug|Any CPU
		Debug|Mixed Platforms = Debug|Mixed Platforms
		Debug|Win32 = Debug|Win32
		Release|Any CPU = Release|Any CPU
		Release|Mixed Platforms = Release|Mixed Platforms
		Release|Win32 = Release|Win32
	EndGlobalSection
	GlobalSection(ProjectConfigurationPlatforms) = postSolution
		{F7D60680-D9DC-40C3-8198-D192AC868C94}.Debug|Any CPU.ActiveCfg = Debug|Win32
		{F7D60680-D9DC-40C3-8198-D192AC868C94}.Debug|Mixed Platforms.ActiveCfg = Debug|Win32
		{F7D60680-D9DC-40C3-8198-D192AC868C94}.Debug|Mixed Platforms.Build.0 = Debug|Win32
		{F7D60680-D9DC-40C3-8198-D192AC868C94}.Debug|Win32.ActiveCfg = Debug|Win32
		{F7D60680-D9DC-40C3-8198-D192AC868C94}.Debug|Win32.Build.0 = Debug|Win32
		{F7D60680-D9DC-40C3-8198-D192AC868C94}.Release|Any CPU.ActiveCfg = Release|Win32
		{F7D60680-D9DC-40C3-8198-D192AC868C94}.Release|Mixed Platforms.ActiveCfg = Release|Win32
		{F7D60680-D9DC-40C3-8198-D192AC868C94}.Release|Mixed Platforms.Build.0 = Release|Win32
		{F7D60680-D9DC-40C3-8198-D192AC868C94}.Release|Win32.ActiveCfg = Release|Win32
		{F7D60680-D9DC-40C3-8198-D192AC868C94}.Release|Win32.Build.0 = Release|Win32
		{97500E0B-6CE9-47FA-BC2A-F311A920BC4E}.Debug|Any CPU.ActiveCfg = Debug|Any CPU
		{97500E0B-6CE9-47FA-BC2A-F311A920BC4E}.Debug|Any CPU.Build.0 = Debug|Any CPU
		{97500E0B-6CE9-47FA-BC2A-F311A920BC4E}.Debug|Mixed Platforms.ActiveCfg = Debug|Any CPU
		{97500E0B-6CE9-47FA-BC2A-F311A920BC4E}.Debug|Mixed Platforms.Build.0 = Debug|Any CPU
		{97500E0B-6CE9-47FA-BC2A-F311A920BC4E}.Debug|Win32.ActiveCfg = Debug|Any CPU
		{97500E0B-6CE9-47FA-BC2A-F311A920BC4E}.Release|Any CPU.ActiveCfg = Release|Any CPU
		{97500E0B-6CE9-47FA-BC2A-F311A920BC4E}.Release|Any CPU.Build.0 = Release|Any CPU
		{97500E0B-6CE9-47FA-BC2A-F311A920BC4E}.Release|Mixed Platforms.ActiveCfg = Release|Any CPU
		{97500E0B-6CE9-47FA-BC2A-F311A920BC4E}.Release|Mixed Platforms.Build.0 = Release|Any CPU
		{97500E0B-6CE9-47FA-BC2A-F311A920BC4E}.Release|Win32.ActiveCfg = Release|Any CPU
		{933F9CF3-D665-465C-B055-0D288BC08E9B}.Debug|Any CPU.ActiveCfg = Debug|Any CPU
		{933F9CF3-D665-465C-B055-0D288BC08E9B}.Debug|Any CPU.Build.0 = Debug|Any CPU
		{933F9CF3-D665-465C-B055-0D288BC08E9B}.Debug|Mixed Platforms.ActiveCfg = Debug|Any CPU
		{933F9CF3-D665-465C-B055-0D288BC08E9B}.Debug|Mixed Platforms.Build.0 = Debug|Any CPU
		{933F9CF3-D665-465C-B055-0D288BC08E9B}.Debug|Win32.ActiveCfg = Debug|Any CPU
		{933F9CF3-D665-465C-B055-0D288BC08E9B}.Release|Any CPU.ActiveCfg = Release|Any CPU
		{933F9CF3-D665-465C-B055-0D288BC08E9B}.Release|Any CPU.Build.0 = Release|Any CPU
		{933F9CF3-D665-465C-B055-0D288BC08E9B}.Release|Mixed Platforms.ActiveCfg = Release|Any CPU
		{933F9CF3-D665-465C-B055-0D288BC08E9B}.Release|Mixed Platforms.Build.0 = Release|Any CPU
		{933F9CF3-D665-465C-B055-0D288BC08E9B}.Release|Win32.ActiveCfg = Release|Any CPU
	EndGlobalSection
	GlobalSection(SolutionProperties) = preSolution
		HideSolutionNode = FALSE
	EndGlobalSection
EndGlobal
